<?xml version="1.0" encoding="utf-8"?>
<Project ToolsVersion="4.0" xmlns="http://schemas.microsoft.com/developer/msbuild/2003">
  <ItemGroup>
    <Filter Include="Source Files">
      <UniqueIdentifier>{4FC737F1-C7A5-4376-A066-2A32D752A2FF}</UniqueIdentifier>
      <Extensions>cpp;c;cc;cxx;def;odl;idl;hpj;bat;asm;asmx</Extensions>
    </Filter>
    <Filter Include="Header Files">
      <UniqueIdentifier>{93995380-89BD-4b04-88EB-625FBE52EBFB}</UniqueIdentifier>
      <Extensions>h;hh;hpp;hxx;hm;inl;inc;xsd</Extensions>
    </Filter>
    <Filter Include="Resource Files">
      <UniqueIdentifier>{67DA6AB6-F800-4c08-8B7A-83BB121AAD01}</UniqueIdentifier>
      <Extensions>rc;ico;cur;bmp;dlg;rc2;rct;bin;rgs;gif;jpg;jpeg;jpe;resx;tiff;tif;png;wav;mfcribbon-ms</Extensions>
    </Filter>
  </ItemGroup>
  <ItemGroup>
    <ClInclude Include="stdafx.h">
      <Filter>Header Files</Filter>
    </ClInclude>
    <ClInclude Include="targetver.h">
      <Filter>Header Files</Filter>
    </ClInclude>
    <ClInclude Include="Sources\Internal\Core\Core.h">
      <Filter>Header Files</Filter>
    </ClInclude>
    <ClInclude Include="Sources\Internal\Core\WindowsApplication.h">
      <Filter>Header Files</Filter>
    </ClInclude>
    <ClInclude Include="Sources\Internal\Core\CoreTypes.h">
      <Filter>Header Files</Filter>
    </ClInclude>
    <ClInclude Include="Sources\Internal\Render\Renderer.h">
      <Filter>Header Files</Filter>
    </ClInclude>
    <ClInclude Include="Sources\Internal\Render\DX12\RendererDX12.h">
      <Filter>Header Files</Filter>
    </ClInclude>
    <ClInclude Include="Sources\External\Dx12Helpers\d3dx12.h">
      <Filter>Header Files</Filter>
    </ClInclude>
    <ClInclude Include="Sources\Internal\Core\CoreHelpers.h">
      <Filter>Header Files</Filter>
    </ClInclude>
    <ClInclude Include="Sources\Internal\Render\DX12\DXHelpers.h">
      <Filter>Header Files</Filter>
    </ClInclude>
    <ClInclude Include="Sources\Internal\Core\Timer\PerformanceTimer.h">
      <Filter>Header Files</Filter>
    </ClInclude>
    <ClInclude Include="Sources\Internal\Core\Timer\GlobalTimer.h">
      <Filter>Header Files</Filter>
    </ClInclude>
    <ClInclude Include="Sources\Internal\Core\DataStructures\RingArray.h">
      <Filter>Header Files</Filter>
    </ClInclude>
    <ClInclude Include="Sources\Internal\Core\FPSCounter.h">
      <Filter>Header Files</Filter>
    </ClInclude>
    <ClInclude Include="Sources\Internal\Math\MathHelpers.h">
      <Filter>Header Files</Filter>
    </ClInclude>
    <ClInclude Include="Sources\Internal\AssetsSystem\AssetsSystem.h">
      <Filter>Header Files</Filter>
    </ClInclude>
    <ClInclude Include="Sources\Internal\Render\DX12\Buffers\UploadBuffer.h">
      <Filter>Header Files</Filter>
    </ClInclude>
    <ClInclude Include="Sources\Internal\Math\Vector4.h">
      <Filter>Header Files</Filter>
    </ClInclude>
    <ClInclude Include="Sources\Internal\Math\Vector3.h">
      <Filter>Header Files</Filter>
    </ClInclude>
    <ClInclude Include="Sources\Internal\Math\Matrix4.h">
      <Filter>Header Files</Filter>
    </ClInclude>
    <ClInclude Include="Sources\Internal\Math\Vector2.h">
      <Filter>Header Files</Filter>
    </ClInclude>
    <ClInclude Include="Sources\Internal\Render\Geometry\GeometryGenerator.h">
      <Filter>Header Files</Filter>
    </ClInclude>
    <ClInclude Include="Sources\Internal\Render\DX12\Buffers\VertexBufferDX12.h">
      <Filter>Header Files</Filter>
    </ClInclude>
    <ClInclude Include="Sources\Internal\Render\DX12\Buffers\IndexBufferDX12.h">
      <Filter>Header Files</Filter>
    </ClInclude>
    <ClInclude Include="Sources\Internal\Render\DX12\Buffers\DefaultHeapBuffer.h">
      <Filter>Header Files</Filter>
    </ClInclude>
    <ClInclude Include="Sources\External\Dx12Helpers\DDSTextureLoader.h">
      <Filter>Header Files</Filter>
    </ClInclude>
    <ClInclude Include="Sources\Internal\Core\ECS\Component.h">
      <Filter>Header Files</Filter>
    </ClInclude>
    <ClInclude Include="Sources\Internal\Core\ECS\Entity.h">
      <Filter>Header Files</Filter>
    </ClInclude>
    <ClInclude Include="Sources\Internal\Core\Scene.h">
      <Filter>Header Files</Filter>
    </ClInclude>
    <ClInclude Include="Sources\Internal\Core\ECS\System.h">
      <Filter>Header Files</Filter>
    </ClInclude>
    <ClInclude Include="Sources\Internal\Kioto.h">
      <Filter>Header Files</Filter>
    </ClInclude>
    <ClInclude Include="Sources\Internal\Systems\EventSystem\Event.h">
      <Filter>Header Files</Filter>
    </ClInclude>
    <ClInclude Include="Sources\Internal\Systems\EventSystem\EventSystem.h">
      <Filter>Header Files</Filter>
    </ClInclude>
    <ClInclude Include="Sources\Internal\Systems\EventSystem\EngineEvents.h">
      <Filter>Header Files</Filter>
    </ClInclude>
    <ClInclude Include="Sources\Internal\Core\ECS\SceneSystem.h">
      <Filter>Header Files</Filter>
    </ClInclude>
    <ClInclude Include="Sources\Internal\Component\TransformComponent.h">
      <Filter>Header Files</Filter>
    </ClInclude>
    <ClInclude Include="Sources\Internal\Systems\TransformSystem.h">
      <Filter>Header Files</Filter>
    </ClInclude>
    <ClInclude Include="Sources\Internal\Systems\CameraSystem.h">
      <Filter>Header Files</Filter>
    </ClInclude>
    <ClInclude Include="Sources\Internal\Component\CameraComponent.h">
      <Filter>Header Files</Filter>
    </ClInclude>
    <ClInclude Include="Sources\Internal\Render\Material.h">
      <Filter>Header Files</Filter>
    </ClInclude>
    <ClInclude Include="Sources\Internal\Render\RenderLayer.h">
      <Filter>Header Files</Filter>
    </ClInclude>
    <ClInclude Include="Sources\Internal\Render\PipelineStateParams.h">
      <Filter>Header Files</Filter>
    </ClInclude>
    <ClInclude Include="Sources\Internal\Render\Shader.h">
      <Filter>Header Files</Filter>
    </ClInclude>
    <ClInclude Include="Sources\Internal\AssetsSystem\RenderStateParamsConverter.h">
      <Filter>Header Files</Filter>
    </ClInclude>
    <ClInclude Include="Sources\Internal\Render\VertexLayout.h">
      <Filter>Header Files</Filter>
    </ClInclude>
    <ClInclude Include="Sources\Internal\Render\RendererPublic.h">
      <Filter>Header Files</Filter>
    </ClInclude>
    <ClInclude Include="Sources\Internal\Render\DX12\VertexLayoutDX12.h">
      <Filter>Header Files</Filter>
    </ClInclude>
    <ClInclude Include="Sources\Internal\Component\RenderComponent.h">
      <Filter>Header Files</Filter>
    </ClInclude>
    <ClInclude Include="Sources\Internal\AssetsSystem\Asset.h">
      <Filter>Header Files</Filter>
    </ClInclude>
    <ClInclude Include="Sources\Internal\Render\Texture\Texture.h">
      <Filter>Header Files</Filter>
    </ClInclude>
    <ClInclude Include="Sources\Internal\Render\RenderPass\RenderPass.h">
      <Filter>Header Files</Filter>
    </ClInclude>
    <ClInclude Include="Sources\Internal\Math\Rect.h">
      <Filter>Header Files</Filter>
    </ClInclude>
    <ClInclude Include="Sources\Internal\Systems\RenderSystem.h">
      <Filter>Header Files</Filter>
    </ClInclude>
    <ClInclude Include="Sources\Internal\Render\DX12\Buffers\ResourceDX12.h">
      <Filter>Header Files</Filter>
    </ClInclude>
    <ClInclude Include="Sources\Internal\Render\DX12\ShaderDX12.h">
      <Filter>Header Files</Filter>
    </ClInclude>
    <ClInclude Include="Sources\Internal\Render\ConstantBuffer.h">
      <Filter>Header Files</Filter>
    </ClInclude>
    <ClInclude Include="Sources\Internal\Math\Matrix3.h">
      <Filter>Header Files</Filter>
    </ClInclude>
    <ClInclude Include="Sources\Internal\Render\PipelineState.h">
      <Filter>Header Files</Filter>
    </ClInclude>
    <ClInclude Include="Sources\Internal\Render\DX12\Buffers\UploadBufferDX12.h">
      <Filter>Header Files</Filter>
    </ClInclude>
    <ClInclude Include="Sources\Internal\Render\Texture\TextureSet.h">
      <Filter>Header Files</Filter>
    </ClInclude>
    <ClInclude Include="Sources\Internal\Render\DX12\StateDX.h">
      <Filter>Header Files</Filter>
    </ClInclude>
    <ClInclude Include="Sources\Internal\Render\DX12\SwapChain.h">
      <Filter>Header Files</Filter>
    </ClInclude>
    <ClInclude Include="Sources\Internal\Render\DX12\RootSignatureManager.h">
      <Filter>Header Files</Filter>
    </ClInclude>
    <ClInclude Include="Sources\Internal\Render\DX12\PsoManager.h">
      <Filter>Header Files</Filter>
    </ClInclude>
    <ClInclude Include="Sources\Internal\Render\MaterialData.h">
      <Filter>Header Files</Filter>
    </ClInclude>
    <ClInclude Include="Sources\Internal\Render\Texture\TextureManager.h">
      <Filter>Header Files</Filter>
    </ClInclude>
    <ClInclude Include="Sources\Internal\Render\DX12\ShaderManagerDX12.h">
      <Filter>Header Files</Filter>
    </ClInclude>
    <ClInclude Include="Sources\Internal\Render\DX12\VertexLayoutManagerDX12.h">
      <Filter>Header Files</Filter>
    </ClInclude>
    <ClInclude Include="Sources\Internal\Render\ShaderData.h">
      <Filter>Header Files</Filter>
    </ClInclude>
    <ClInclude Include="Sources\Internal\Render\Geometry\ParserFBX.h">
      <Filter>Header Files</Filter>
    </ClInclude>
    <ClInclude Include="Sources\Internal\Render\Geometry\MeshLoader.h">
      <Filter>Header Files</Filter>
    </ClInclude>
    <ClInclude Include="Sources\Internal\Render\Geometry\MeshParser.h">
      <Filter>Header Files</Filter>
    </ClInclude>
    <ClInclude Include="Sources\Internal\Render\Geometry\IntermediateMesh.h">
      <Filter>Header Files</Filter>
    </ClInclude>
    <ClInclude Include="Sources\Internal\Render\Geometry\Mesh.h">
      <Filter>Header Files</Filter>
    </ClInclude>
    <ClInclude Include="Sources\Internal\Render\DX12\Geometry\MeshDX12.h">
      <Filter>Header Files</Filter>
    </ClInclude>
    <ClInclude Include="Sources\Internal\Render\DX12\MeshManagerDX12.h">
      <Filter>Header Files</Filter>
    </ClInclude>
    <ClInclude Include="Sources\Internal\Render\DX12\Buffers\ConstantBufferManagerDX12.h">
      <Filter>Header Files</Filter>
    </ClInclude>
    <ClInclude Include="Sources\Internal\Render\RenderCommand.h">
      <Filter>Header Files</Filter>
    </ClInclude>
    <ClInclude Include="Sources\Internal\Render\RenderPass\ForwardRenderPass.h">
      <Filter>Header Files</Filter>
    </ClInclude>
    <ClInclude Include="Sources\Internal\Render\Camera.h">
      <Filter>Header Files</Filter>
    </ClInclude>
    <ClInclude Include="Sources\Internal\Render\ScopedGpuProfiler.h">
      <Filter>Header Files</Filter>
    </ClInclude>
    <ClInclude Include="Sources\Internal\Render\GpuProfiler.h">
      <Filter>Header Files</Filter>
    </ClInclude>
    <ClInclude Include="Sources\Internal\Render\DX12\PixProfiler.h">
      <Filter>Header Files</Filter>
    </ClInclude>
    <ClInclude Include="Sources\Internal\Render\Buffers\EngineBuffers.h">
      <Filter>Header Files</Filter>
    </ClInclude>
    <ClInclude Include="Sources\Internal\Render\RenderPacket.h">
      <Filter>Header Files</Filter>
    </ClInclude>
    <ClInclude Include="Sources\Internal\Core\Input\Input.h">
      <Filter>Header Files</Filter>
    </ClInclude>
    <ClInclude Include="Sources\Internal\Core\Logger\Logger.h">
      <Filter>Header Files</Filter>
    </ClInclude>
    <ClInclude Include="Sources\Internal\Render\RenderObject.h">
      <Filter>Header Files</Filter>
    </ClInclude>
    <ClInclude Include="Sources\External\IMGUI\imconfig.h">
      <Filter>Header Files</Filter>
    </ClInclude>
    <ClInclude Include="Sources\External\IMGUI\imgui.h">
      <Filter>Header Files</Filter>
    </ClInclude>
    <ClInclude Include="Sources\External\IMGUI\imgui_impl_dx12.h">
      <Filter>Header Files</Filter>
    </ClInclude>
    <ClInclude Include="Sources\External\IMGUI\imgui_impl_win32.h">
      <Filter>Header Files</Filter>
    </ClInclude>
    <ClInclude Include="Sources\External\IMGUI\imgui_internal.h">
      <Filter>Header Files</Filter>
    </ClInclude>
    <ClInclude Include="Sources\External\IMGUI\imstb_rectpack.h">
      <Filter>Header Files</Filter>
    </ClInclude>
    <ClInclude Include="Sources\External\IMGUI\imstb_textedit.h">
      <Filter>Header Files</Filter>
    </ClInclude>
    <ClInclude Include="Sources\External\IMGUI\imstb_truetype.h">
      <Filter>Header Files</Filter>
    </ClInclude>
    <ClInclude Include="Sources\Internal\Core\Yaml\YamlParser.h">
      <Filter>Header Files</Filter>
    </ClInclude>
    <ClInclude Include="Sources\Internal\Core\ECS\ComponentFactory.h">
      <Filter>Header Files</Filter>
    </ClInclude>
    <ClInclude Include="Sources\External\TinyGLTF\tiny_gltf.h">
      <Filter>Header Files</Filter>
    </ClInclude>
    <ClInclude Include="Sources\External\TinyGLTF\json.hpp">
      <Filter>Header Files</Filter>
    </ClInclude>
    <ClInclude Include="Sources\External\TinyGLTF\stb_image.h">
      <Filter>Header Files</Filter>
    </ClInclude>
    <ClInclude Include="Sources\External\TinyGLTF\stb_image_write.h">
      <Filter>Header Files</Filter>
    </ClInclude>
    <ClInclude Include="Sources\Internal\Render\Geometry\ParserGLTF.h">
      <Filter>Header Files</Filter>
    </ClInclude>
    <ClInclude Include="Sources\Internal\Render\RenderPass\WireframeRenderPass.h">
      <Filter>Header Files</Filter>
    </ClInclude>
    <ClInclude Include="Sources\Internal\Systems\DebugSystem.h">
      <Filter>Header Files</Filter>
    </ClInclude>
    <ClInclude Include="Sources\Internal\Core\KiotoEngine.h">
      <Filter>Header Files</Filter>
    </ClInclude>
    <ClInclude Include="Sources\Internal\Render\RenderGraph\RenderGraph.h">
      <Filter>Header Files</Filter>
    </ClInclude>
    <ClInclude Include="Sources\Internal\Render\RenderGraph\ResourcesBlackboard.h">
      <Filter>Header Files</Filter>
    </ClInclude>
    <ClInclude Include="Sources\Internal\Render\DX12\KiotoDx12Mapping.h">
      <Filter>Header Files</Filter>
    </ClInclude>
    <ClInclude Include="Sources\Internal\Render\ResourceStates.h">
      <Filter>Header Files</Filter>
    </ClInclude>
    <ClInclude Include="Sources\Internal\Render\DX12\Texture\TextureDX12.h">
      <Filter>Header Files</Filter>
    </ClInclude>
    <ClInclude Include="Sources\Internal\Render\DX12\Texture\TextureManagerDX12.h">
      <Filter>Header Files</Filter>
    </ClInclude>
    <ClInclude Include="Sources\Internal\Render\RenderGraph\ResourceTable.h">
      <Filter>Header Files</Filter>
    </ClInclude>
    <ClInclude Include="Sources\Internal\Render\RenderPass\GrayscaleRenderPass.h">
      <Filter>Header Files</Filter>
    </ClInclude>
    <ClInclude Include="Sources\Internal\AssetsSystem\FilesystemHelpers.h">
      <Filter>Header Files</Filter>
    </ClInclude>
    <ClInclude Include="Sources\Internal\Render\Color.h">
      <Filter>Header Files</Filter>
    </ClInclude>
    <ClInclude Include="Sources\Internal\Math\Quaternion.h">
      <Filter>Header Files</Filter>
    </ClInclude>
    <ClInclude Include="Sources\Internal\Math\TransformHelpers.h">
      <Filter>Header Files</Filter>
    </ClInclude>
    <ClInclude Include="Sources\Internal\Render\ShaderInputBase.h">
      <Filter>Header Files</Filter>
    </ClInclude>
    <ClInclude Include="Sources\Internal\Render\Shaders\autogen\KiotoShaders.h">
      <Filter>Header Files</Filter>
    </ClInclude>
    <ClInclude Include="Sources\Internal\Render\Lighting\Light.h">
      <Filter>Header Files</Filter>
    </ClInclude>
    <ClInclude Include="Sources\Internal\Component\LightComponent.h">
      <Filter>Header Files</Filter>
    </ClInclude>
    <ClInclude Include="Sources\Internal\Systems\SystemsSharedData.h">
      <Filter>Header Files</Filter>
    </ClInclude>
    <ClInclude Include="Sources\Internal\Render\UniformConstant.h">
      <Filter>Header Files</Filter>
    </ClInclude>
    <ClInclude Include="Sources\Internal\Render\RenderPass\DrawData.h">
      <Filter>Header Files</Filter>
    </ClInclude>
    <ClInclude Include="Sources\Internal\Render\Shaders\autogen\CommonStructures.h">
      <Filter>Header Files</Filter>
    </ClInclude>
    <ClInclude Include="Sources\Internal\Render\RenderPass\EditorGizmosPass.h">
      <Filter>Header Files</Filter>
    </ClInclude>
    <ClInclude Include="Sources\Internal\Systems\ImguiEditorSystem.h">
      <Filter>Header Files</Filter>
    </ClInclude>
    <ClInclude Include="Sources\Internal\Core\Reflection\Reflection.h">
      <Filter>Header Files</Filter>
    </ClInclude>
    <ClInclude Include="Sources\Internal\Render\RenderSettings.h">
      <Filter>Header Files</Filter>
    </ClInclude>
    <ClInclude Include="Sources\Internal\Render\RenderPass\ShadowMapRenderPass.h">
      <Filter>Header Files</Filter>
    </ClInclude>
  </ItemGroup>
  <ItemGroup>
    <ClCompile Include="stdafx.cpp">
      <Filter>Source Files</Filter>
    </ClCompile>
    <ClCompile Include="Sources\Internal\Core\KiotoEngine.cpp">
      <Filter>Source Files</Filter>
    </ClCompile>
    <ClCompile Include="Sources\Internal\Core\WindowsApplication.cpp">
      <Filter>Source Files</Filter>
    </ClCompile>
    <ClCompile Include="Sources\Internal\Render\Renderer.cpp">
      <Filter>Source Files</Filter>
    </ClCompile>
    <ClCompile Include="Sources\Internal\Render\DX12\RendererDX12.cpp">
      <Filter>Source Files</Filter>
    </ClCompile>
    <ClCompile Include="Sources\Internal\Core\Timer\GlobalTimer.cpp">
      <Filter>Source Files</Filter>
    </ClCompile>
    <ClCompile Include="Sources\Internal\Core\FPSCounter.cpp">
      <Filter>Source Files</Filter>
    </ClCompile>
    <ClCompile Include="Sources\Internal\AssetsSystem\AssetsSystem.cpp">
      <Filter>Source Files</Filter>
    </ClCompile>
    <ClCompile Include="Sources\Internal\Render\Geometry\GeometryGenerator.cpp">
      <Filter>Source Files</Filter>
    </ClCompile>
    <ClCompile Include="Sources\Internal\Render\DX12\Buffers\VertexBufferDX12.cpp">
      <Filter>Source Files</Filter>
    </ClCompile>
    <ClCompile Include="Sources\Internal\Render\DX12\Buffers\IndexBufferDX12.cpp">
      <Filter>Source Files</Filter>
    </ClCompile>
    <ClCompile Include="Sources\Internal\Render\DX12\Buffers\DefaultHeapBuffer.cpp">
      <Filter>Source Files</Filter>
    </ClCompile>
    <ClCompile Include="Sources\External\Dx12Helpers\DDSTextureLoader.cpp">
      <Filter>Source Files</Filter>
    </ClCompile>
    <ClCompile Include="Sources\Internal\Core\ECS\Entity.cpp">
      <Filter>Source Files</Filter>
    </ClCompile>
    <ClCompile Include="Sources\Internal\Core\Scene.cpp">
      <Filter>Source Files</Filter>
    </ClCompile>
    <ClCompile Include="Sources\Internal\Systems\EventSystem\EngineEvents.cpp">
      <Filter>Source Files</Filter>
    </ClCompile>
    <ClCompile Include="Sources\Internal\Systems\EventSystem\EventSystem.cpp">
      <Filter>Source Files</Filter>
    </ClCompile>
    <ClCompile Include="Sources\Internal\Component\TransformComponent.cpp">
      <Filter>Source Files</Filter>
    </ClCompile>
    <ClCompile Include="Sources\Internal\Systems\TransformSystem.cpp">
      <Filter>Source Files</Filter>
    </ClCompile>
    <ClCompile Include="Sources\Internal\Systems\CameraSystem.cpp">
      <Filter>Source Files</Filter>
    </ClCompile>
    <ClCompile Include="Sources\Internal\Component\CameraComponent.cpp">
      <Filter>Source Files</Filter>
    </ClCompile>
    <ClCompile Include="Sources\Internal\Core\ECS\Component.cpp">
      <Filter>Source Files</Filter>
    </ClCompile>
    <ClCompile Include="Sources\Internal\Render\Material.cpp">
      <Filter>Source Files</Filter>
    </ClCompile>
    <ClCompile Include="Sources\Internal\AssetsSystem\RenderStateParamsConverter.cpp">
      <Filter>Source Files</Filter>
    </ClCompile>
    <ClCompile Include="Sources\Internal\Render\VertexLayout.cpp">
      <Filter>Source Files</Filter>
    </ClCompile>
    <ClCompile Include="Sources\Internal\Component\RenderComponent.cpp">
      <Filter>Source Files</Filter>
    </ClCompile>
    <ClCompile Include="Sources\Internal\Render\RenderPass\RenderPass.cpp">
      <Filter>Source Files</Filter>
    </ClCompile>
    <ClCompile Include="Sources\Internal\Systems\RenderSystem.cpp">
      <Filter>Source Files</Filter>
    </ClCompile>
    <ClCompile Include="Sources\Internal\Render\PipelineState.cpp">
      <Filter>Source Files</Filter>
    </ClCompile>
    <ClCompile Include="Sources\Internal\Render\DX12\Buffers\UploadBufferDX12.cpp">
      <Filter>Source Files</Filter>
    </ClCompile>
    <ClCompile Include="Sources\Internal\Render\Texture\TextureSet.cpp">
      <Filter>Source Files</Filter>
    </ClCompile>
    <ClCompile Include="Sources\Internal\Render\DX12\SwapChain.cpp">
      <Filter>Source Files</Filter>
    </ClCompile>
    <ClCompile Include="Sources\Internal\Render\DX12\RootSignatureManager.cpp">
      <Filter>Source Files</Filter>
    </ClCompile>
    <ClCompile Include="Sources\Internal\Render\DX12\PsoManager.cpp">
      <Filter>Source Files</Filter>
    </ClCompile>
    <ClCompile Include="Sources\Internal\Render\DX12\ShaderManagerDX12.cpp">
      <Filter>Source Files</Filter>
    </ClCompile>
    <ClCompile Include="Sources\Internal\Render\DX12\VertexLayoutManagerDX12.cpp">
      <Filter>Source Files</Filter>
    </ClCompile>
    <ClCompile Include="Sources\Internal\Render\Geometry\ParserFBX.cpp">
      <Filter>Source Files</Filter>
    </ClCompile>
    <ClCompile Include="Sources\Internal\Render\Geometry\MeshLoader.cpp">
      <Filter>Source Files</Filter>
    </ClCompile>
    <ClCompile Include="Sources\Internal\Render\Geometry\IntermediateMesh.cpp">
      <Filter>Source Files</Filter>
    </ClCompile>
    <ClCompile Include="Sources\Internal\Render\Geometry\Mesh.cpp">
      <Filter>Source Files</Filter>
    </ClCompile>
    <ClCompile Include="Sources\Internal\Render\DX12\Geometry\MeshDX12.cpp">
      <Filter>Source Files</Filter>
    </ClCompile>
    <ClCompile Include="Sources\Internal\Render\DX12\MeshManagerDX12.cpp">
      <Filter>Source Files</Filter>
    </ClCompile>
    <ClCompile Include="Sources\Internal\Render\DX12\Buffers\ConstantBufferManagerDX12.cpp">
      <Filter>Source Files</Filter>
    </ClCompile>
    <ClCompile Include="Sources\Internal\Render\RenderCommand.cpp">
      <Filter>Source Files</Filter>
    </ClCompile>
    <ClCompile Include="Sources\Internal\Render\Camera.cpp">
      <Filter>Source Files</Filter>
    </ClCompile>
    <ClCompile Include="Sources\Internal\Render\ScopedGpuProfiler.cpp">
      <Filter>Source Files</Filter>
    </ClCompile>
    <ClCompile Include="Sources\Internal\Render\Buffers\EngineBuffers.cpp">
      <Filter>Source Files</Filter>
    </ClCompile>
    <ClCompile Include="Sources\Internal\Render\RenderPass\ForwardRenderPass.cpp">
      <Filter>Source Files</Filter>
    </ClCompile>
    <ClCompile Include="Sources\Internal\Core\Input\Input.cpp">
      <Filter>Source Files</Filter>
    </ClCompile>
    <ClCompile Include="Sources\External\IMGUI\imgui.cpp">
      <Filter>Source Files</Filter>
    </ClCompile>
    <ClCompile Include="Sources\External\IMGUI\imgui_demo.cpp">
      <Filter>Source Files</Filter>
    </ClCompile>
    <ClCompile Include="Sources\External\IMGUI\imgui_draw.cpp">
      <Filter>Source Files</Filter>
    </ClCompile>
    <ClCompile Include="Sources\External\IMGUI\imgui_impl_dx12.cpp">
      <Filter>Source Files</Filter>
    </ClCompile>
    <ClCompile Include="Sources\External\IMGUI\imgui_impl_win32.cpp">
      <Filter>Source Files</Filter>
    </ClCompile>
    <ClCompile Include="Sources\External\IMGUI\imgui_widgets.cpp">
      <Filter>Source Files</Filter>
    </ClCompile>
    <ClCompile Include="Sources\Internal\Render\Geometry\ParserGLTF.cpp">
      <Filter>Source Files</Filter>
    </ClCompile>
    <ClCompile Include="Sources\Internal\Render\RenderObject.cpp">
      <Filter>Source Files</Filter>
    </ClCompile>
    <ClCompile Include="Sources\Internal\Render\RenderPass\WireframeRenderPass.cpp">
      <Filter>Source Files</Filter>
    </ClCompile>
    <ClCompile Include="Sources\Internal\Systems\DebugSystem.cpp">
      <Filter>Source Files</Filter>
    </ClCompile>
    <ClCompile Include="Sources\Internal\Render\RenderGraph\RenderGraph.cpp">
      <Filter>Source Files</Filter>
    </ClCompile>
    <ClCompile Include="Sources\Internal\Render\RenderGraph\ResourcesBlackboard.cpp">
      <Filter>Source Files</Filter>
    </ClCompile>
    <ClCompile Include="Sources\Internal\Render\DX12\Texture\TextureDX12.cpp">
      <Filter>Source Files</Filter>
    </ClCompile>
    <ClCompile Include="Sources\Internal\Render\DX12\Texture\TextureManagerDX12.cpp">
      <Filter>Source Files</Filter>
    </ClCompile>
    <ClCompile Include="Sources\Internal\Render\RenderGraph\ResourceTable.cpp">
      <Filter>Source Files</Filter>
    </ClCompile>
    <ClCompile Include="Sources\Internal\Render\RenderPass\GrayscaleRenderPass.cpp">
      <Filter>Source Files</Filter>
    </ClCompile>
    <ClCompile Include="Sources\Internal\AssetsSystem\FilesystemHelpers.cpp">
      <Filter>Source Files</Filter>
    </ClCompile>
    <ClCompile Include="Sources\Internal\Render\Shaders\autogen\KiotoShaders.cpp">
      <Filter>Source Files</Filter>
    </ClCompile>
    <ClCompile Include="Sources\Internal\Component\LightComponent.cpp">
      <Filter>Source Files</Filter>
    </ClCompile>
    <ClCompile Include="Sources\Internal\Render\Shaders\autogen\sInp\Fallback.h">
      <Filter>Header Files</Filter>
    </ClCompile>
    <ClCompile Include="Sources\Internal\Render\Shaders\autogen\sInp\Grayscale.h">
      <Filter>Header Files</Filter>
    </ClCompile>
    <ClCompile Include="Sources\Internal\Render\Shaders\autogen\sInp\UnlitMovingTex.h">
      <Filter>Header Files</Filter>
    </ClCompile>
    <ClCompile Include="Sources\Internal\Render\Shaders\autogen\sInp\Wireframe.h">
      <Filter>Header Files</Filter>
    </ClCompile>
    <ClCompile Include="Sources\Internal\Render\RenderPass\EditorGizmosPass.cpp">
      <Filter>Source Files</Filter>
    </ClCompile>
    <ClCompile Include="Sources\Internal\Render\Shaders\autogen\sInp\GizmosImpostor.h">
      <Filter>Header Files</Filter>
    </ClCompile>
    <ClCompile Include="Sources\Internal\Systems\ImguiEditorSystem.cpp">
      <Filter>Source Files</Filter>
    </ClCompile>
    <ClCompile Include="Sources\Internal\Render\RenderPass\ShadowMapRenderPass.cpp">
      <Filter>Source Files</Filter>
    </ClCompile>
  </ItemGroup>
  <ItemGroup>
    <None Include="packages.config" />
  </ItemGroup>
</Project>