
Microsoft Visual Studio Solution File, Format Version 12.00
# Visual Studio Version 16
VisualStudioVersion = 16.0.29920.165
MinimumVisualStudioVersion = 10.0.40219.1
Project("{FAE04EC0-301F-11D3-BF4B-00C04F79EFBC}") = "ShaderInputsParser", "ShaderInputsParser.csproj", "{9587E7DC-AFA6-4FC1-9CB6-EA86AEEF0BA4}"
EndProject
Global
	GlobalSection(SolutionConfigurationPlatforms) = preSolution
		Debug|Any CPU = Debug|Any CPU
		Release|Any CPU = Release|Any CPU
	EndGlobalSection
	GlobalSection(ProjectConfigurationPlatforms) = postSolution
		{9587E7DC-AFA6-4FC1-9CB6-EA86AEEF0BA4}.Debug|Any CPU.ActiveCfg = Debug|Any CPU
		{9587E7DC-AFA6-4FC1-9CB6-EA86AEEF0BA4}.Debug|Any CPU.Build.0 = Debug|Any CPU
		{9587E7DC-AFA6-4FC1-9CB6-EA86AEEF0BA4}.Release|Any CPU.ActiveCfg = Release|Any CPU
		{9587E7DC-AFA6-4FC1-9CB6-EA86AEEF0BA4}.Release|Any CPU.Build.0 = Release|Any CPU
	EndGlobalSection
	GlobalSection(SolutionProperties) = preSolution
		HideSolutionNode = FALSE
	EndGlobalSection
	GlobalSection(ExtensibilityGlobals) = postSolution
		SolutionGuid = {9EC843C9-25F7-4CFA-8FD9-A217401A343A}
	EndGlobalSection
EndGlobal
